
Microsoft Visual Studio Solution File, Format Version 12.00
# Visual Studio 14
VisualStudioVersion = 14.0.25123.0
MinimumVisualStudioVersion = 10.0.40219.1
Project("{2150E333-8FDC-42A3-9474-1A3956D46DE8}") = "src", "src", "{78B9BF84-04F0-41F0-B8B0-1178578278D9}"
EndProject
Project("{2150E333-8FDC-42A3-9474-1A3956D46DE8}") = "Solution Items", "Solution Items", "{BFA69894-9DC6-4CE4-AA85-AB7EA2453FA9}"
	ProjectSection(SolutionItems) = preProject
		global.json = global.json
	EndProjectSection
EndProject
Project("{8BB2217D-0F2D-49D1-97BC-3654ED321F3B}") = "Revis", "src\Revis\Revis.xproj", "{60D46FAE-1427-4AA9-9C2C-09F44B8C64DF}"
EndProject
Global
	GlobalSection(SolutionConfigurationPlatforms) = preSolution
		Debug|Any CPU = Debug|Any CPU
		Release|Any CPU = Release|Any CPU
	EndGlobalSection
	GlobalSection(ProjectConfigurationPlatforms) = postSolution
		{60D46FAE-1427-4AA9-9C2C-09F44B8C64DF}.Debug|Any CPU.ActiveCfg = Debug|Any CPU
		{60D46FAE-1427-4AA9-9C2C-09F44B8C64DF}.Debug|Any CPU.Build.0 = Debug|Any CPU
		{60D46FAE-1427-4AA9-9C2C-09F44B8C64DF}.Release|Any CPU.ActiveCfg = Release|Any CPU
		{60D46FAE-1427-4AA9-9C2C-09F44B8C64DF}.Release|Any CPU.Build.0 = Release|Any CPU
	EndGlobalSection
	GlobalSection(SolutionProperties) = preSolution
		HideSolutionNode = FALSE
	EndGlobalSection
	GlobalSection(NestedProjects) = preSolution
		{60D46FAE-1427-4AA9-9C2C-09F44B8C64DF} = {78B9BF84-04F0-41F0-B8B0-1178578278D9}
	EndGlobalSection
EndGlobal
